
Microsoft Visual Studio Solution File, Format Version 12.00
# Visual Studio Version 16
VisualStudioVersion = 16.0.29411.108
MinimumVisualStudioVersion = 10.0.40219.1
Project("{9A19103F-16F7-4668-BE54-9A1E7A4F7556}") = "SumOfMultiples", "SumOfMultiples.csproj", "{2F0D810F-E8DB-4333-9365-C330D70080B2}"
EndProject
Global
	GlobalSection(SolutionConfigurationPlatforms) = preSolution
		Debug|Any CPU = Debug|Any CPU
		Release|Any CPU = Release|Any CPU
	EndGlobalSection
	GlobalSection(ProjectConfigurationPlatforms) = postSolution
		{2F0D810F-E8DB-4333-9365-C330D70080B2}.Debug|Any CPU.ActiveCfg = Debug|Any CPU
		{2F0D810F-E8DB-4333-9365-C330D70080B2}.Debug|Any CPU.Build.0 = Debug|Any CPU
		{2F0D810F-E8DB-4333-9365-C330D70080B2}.Release|Any CPU.ActiveCfg = Release|Any CPU
		{2F0D810F-E8DB-4333-9365-C330D70080B2}.Release|Any CPU.Build.0 = Release|Any CPU
	EndGlobalSection
	GlobalSection(SolutionProperties) = preSolution
		HideSolutionNode = FALSE
	EndGlobalSection
	GlobalSection(ExtensibilityGlobals) = postSolution
		SolutionGuid = {042F5F16-334F-49B5-9644-B0A478531FC5}
	EndGlobalSection
EndGlobal
