
Microsoft Visual Studio Solution File, Format Version 12.00
# Visual Studio Version 16
VisualStudioVersion = 16.0.29411.108
MinimumVisualStudioVersion = 10.0.40219.1
Project("{9A19103F-16F7-4668-BE54-9A1E7A4F7556}") = "LargestSeriesProduct", "LargestSeriesProduct.csproj", "{767375FE-586D-4F6F-B920-0ABF7135BB5A}"
EndProject
Global
	GlobalSection(SolutionConfigurationPlatforms) = preSolution
		Debug|Any CPU = Debug|Any CPU
		Release|Any CPU = Release|Any CPU
	EndGlobalSection
	GlobalSection(ProjectConfigurationPlatforms) = postSolution
		{767375FE-586D-4F6F-B920-0ABF7135BB5A}.Debug|Any CPU.ActiveCfg = Debug|Any CPU
		{767375FE-586D-4F6F-B920-0ABF7135BB5A}.Debug|Any CPU.Build.0 = Debug|Any CPU
		{767375FE-586D-4F6F-B920-0ABF7135BB5A}.Release|Any CPU.ActiveCfg = Release|Any CPU
		{767375FE-586D-4F6F-B920-0ABF7135BB5A}.Release|Any CPU.Build.0 = Release|Any CPU
	EndGlobalSection
	GlobalSection(SolutionProperties) = preSolution
		HideSolutionNode = FALSE
	EndGlobalSection
	GlobalSection(ExtensibilityGlobals) = postSolution
		SolutionGuid = {0AC2B516-FCAF-4F90-B970-5024C26CF768}
	EndGlobalSection
EndGlobal
